
Microsoft Visual Studio Solution File, Format Version 12.00
# Visual Studio 15
Project("{FAE04EC0-301F-11D3-BF4B-00C04F79EFBC}") = "Assembly-CSharp", "Assembly-CSharp.csproj", "{6CB965DB-9E4F-2145-A4D2-B84770800120}"
EndProject
Project("{FAE04EC0-301F-11D3-BF4B-00C04F79EFBC}") = "Assembly-CSharp-Editor", "Assembly-CSharp-Editor.csproj", "{A2B13F96-5D61-9031-9476-68EC7794179D}"
EndProject
Global
	GlobalSection(SolutionConfigurationPlatforms) = preSolution
		Debug|Any CPU = Debug|Any CPU
		Release|Any CPU = Release|Any CPU
	EndGlobalSection
	GlobalSection(ProjectConfigurationPlatforms) = postSolution
		{6CB965DB-9E4F-2145-A4D2-B84770800120}.Debug|Any CPU.ActiveCfg = Debug|Any CPU
		{6CB965DB-9E4F-2145-A4D2-B84770800120}.Debug|Any CPU.Build.0 = Debug|Any CPU
		{6CB965DB-9E4F-2145-A4D2-B84770800120}.Release|Any CPU.ActiveCfg = Release|Any CPU
		{6CB965DB-9E4F-2145-A4D2-B84770800120}.Release|Any CPU.Build.0 = Release|Any CPU
		{A2B13F96-5D61-9031-9476-68EC7794179D}.Debug|Any CPU.ActiveCfg = Debug|Any CPU
		{A2B13F96-5D61-9031-9476-68EC7794179D}.Debug|Any CPU.Build.0 = Debug|Any CPU
		{A2B13F96-5D61-9031-9476-68EC7794179D}.Release|Any CPU.ActiveCfg = Release|Any CPU
		{A2B13F96-5D61-9031-9476-68EC7794179D}.Release|Any CPU.Build.0 = Release|Any CPU
	EndGlobalSection
	GlobalSection(SolutionProperties) = preSolution
		HideSolutionNode = FALSE
	EndGlobalSection
EndGlobal
